// !$*UTF8*$!
{
	archiveVersion = 1;
	classes = {
	};
	objectVersion = 55;
	objects = {

/* Begin PBXBuildFile section */
		3835902D2783449600F35123 /* PocketTrackerApp.swift in Sources */ = {isa = PBXBuildFile; fileRef = 3835902C2783449600F35123 /* PocketTrackerApp.swift */; };
		383590312783449700F35123 /* Assets.xcassets in Resources */ = {isa = PBXBuildFile; fileRef = 383590302783449700F35123 /* Assets.xcassets */; };
		383590342783449700F35123 /* Preview Assets.xcassets in Resources */ = {isa = PBXBuildFile; fileRef = 383590332783449700F35123 /* Preview Assets.xcassets */; };
		383590392783449700F35123 /* Pocket_Tracker.xcdatamodeld in Sources */ = {isa = PBXBuildFile; fileRef = 383590372783449700F35123 /* Pocket_Tracker.xcdatamodeld */; };
		383590432783449700F35123 /* Pocket_TrackerTests.swift in Sources */ = {isa = PBXBuildFile; fileRef = 383590422783449700F35123 /* Pocket_TrackerTests.swift */; };
		3835904D2783449700F35123 /* Pocket_TrackerUITests.swift in Sources */ = {isa = PBXBuildFile; fileRef = 3835904C2783449700F35123 /* Pocket_TrackerUITests.swift */; };
		3835904F2783449700F35123 /* Pocket_TrackerUITestsLaunchTests.swift in Sources */ = {isa = PBXBuildFile; fileRef = 3835904E2783449700F35123 /* Pocket_TrackerUITestsLaunchTests.swift */; };
		3835905C2783A6DD00F35123 /* AddRecord.swift in Sources */ = {isa = PBXBuildFile; fileRef = 3835905B2783A6DD00F35123 /* AddRecord.swift */; };
		3835905E2784A40A00F35123 /* RecordList.swift in Sources */ = {isa = PBXBuildFile; fileRef = 3835905D2784A40A00F35123 /* RecordList.swift */; };
		383590602784D00000F35123 /* RecordRow.swift in Sources */ = {isa = PBXBuildFile; fileRef = 3835905F2784D00000F35123 /* RecordRow.swift */; };
		38D65DC32787410900F4700C /* MainMenu.swift in Sources */ = {isa = PBXBuildFile; fileRef = 38D65DC22787410900F4700C /* MainMenu.swift */; };
		38F340312785FB8600BEA2A3 /* Persistence.swift in Sources */ = {isa = PBXBuildFile; fileRef = 38F340302785FB8600BEA2A3 /* Persistence.swift */; };
/* End PBXBuildFile section */

/* Begin PBXContainerItemProxy section */
		3835903F2783449700F35123 /* PBXContainerItemProxy */ = {
			isa = PBXContainerItemProxy;
			containerPortal = 383590212783449600F35123 /* Project object */;
			proxyType = 1;
			remoteGlobalIDString = 383590282783449600F35123;
			remoteInfo = "Pocket Tracker";
		};
		383590492783449700F35123 /* PBXContainerItemProxy */ = {
			isa = PBXContainerItemProxy;
			containerPortal = 383590212783449600F35123 /* Project object */;
			proxyType = 1;
			remoteGlobalIDString = 383590282783449600F35123;
			remoteInfo = "Pocket Tracker";
		};
/* End PBXContainerItemProxy section */

/* Begin PBXFileReference section */
		383590292783449600F35123 /* Pocket Tracker.app */ = {isa = PBXFileReference; explicitFileType = wrapper.application; includeInIndex = 0; path = "Pocket Tracker.app"; sourceTree = BUILT_PRODUCTS_DIR; };
		3835902C2783449600F35123 /* PocketTrackerApp.swift */ = {isa = PBXFileReference; lastKnownFileType = sourcecode.swift; path = PocketTrackerApp.swift; sourceTree = "<group>"; };
		383590302783449700F35123 /* Assets.xcassets */ = {isa = PBXFileReference; lastKnownFileType = folder.assetcatalog; path = Assets.xcassets; sourceTree = "<group>"; };
		383590332783449700F35123 /* Preview Assets.xcassets */ = {isa = PBXFileReference; lastKnownFileType = folder.assetcatalog; path = "Preview Assets.xcassets"; sourceTree = "<group>"; };
		383590382783449700F35123 /* Pocket_Tracker.xcdatamodel */ = {isa = PBXFileReference; lastKnownFileType = wrapper.xcdatamodel; path = Pocket_Tracker.xcdatamodel; sourceTree = "<group>"; };
		3835903E2783449700F35123 /* Pocket TrackerTests.xctest */ = {isa = PBXFileReference; explicitFileType = wrapper.cfbundle; includeInIndex = 0; path = "Pocket TrackerTests.xctest"; sourceTree = BUILT_PRODUCTS_DIR; };
		383590422783449700F35123 /* Pocket_TrackerTests.swift */ = {isa = PBXFileReference; lastKnownFileType = sourcecode.swift; path = Pocket_TrackerTests.swift; sourceTree = "<group>"; };
		383590482783449700F35123 /* Pocket TrackerUITests.xctest */ = {isa = PBXFileReference; explicitFileType = wrapper.cfbundle; includeInIndex = 0; path = "Pocket TrackerUITests.xctest"; sourceTree = BUILT_PRODUCTS_DIR; };
		3835904C2783449700F35123 /* Pocket_TrackerUITests.swift */ = {isa = PBXFileReference; lastKnownFileType = sourcecode.swift; path = Pocket_TrackerUITests.swift; sourceTree = "<group>"; };
		3835904E2783449700F35123 /* Pocket_TrackerUITestsLaunchTests.swift */ = {isa = PBXFileReference; lastKnownFileType = sourcecode.swift; path = Pocket_TrackerUITestsLaunchTests.swift; sourceTree = "<group>"; };
		3835905B2783A6DD00F35123 /* AddRecord.swift */ = {isa = PBXFileReference; lastKnownFileType = sourcecode.swift; path = AddRecord.swift; sourceTree = "<group>"; };
		3835905D2784A40A00F35123 /* RecordList.swift */ = {isa = PBXFileReference; lastKnownFileType = sourcecode.swift; path = RecordList.swift; sourceTree = "<group>"; };
		3835905F2784D00000F35123 /* RecordRow.swift */ = {isa = PBXFileReference; lastKnownFileType = sourcecode.swift; path = RecordRow.swift; sourceTree = "<group>"; };
		38D65DC22787410900F4700C /* MainMenu.swift */ = {isa = PBXFileReference; lastKnownFileType = sourcecode.swift; path = MainMenu.swift; sourceTree = "<group>"; };
		38F340302785FB8600BEA2A3 /* Persistence.swift */ = {isa = PBXFileReference; lastKnownFileType = sourcecode.swift; path = Persistence.swift; sourceTree = "<group>"; };
/* End PBXFileReference section */

/* Begin PBXFrameworksBuildPhase section */
		383590262783449600F35123 /* Frameworks */ = {
			isa = PBXFrameworksBuildPhase;
			buildActionMask = 2147483647;
			files = (
			);
			runOnlyForDeploymentPostprocessing = 0;
		};
		3835903B2783449700F35123 /* Frameworks */ = {
			isa = PBXFrameworksBuildPhase;
			buildActionMask = 2147483647;
			files = (
			);
			runOnlyForDeploymentPostprocessing = 0;
		};
		383590452783449700F35123 /* Frameworks */ = {
			isa = PBXFrameworksBuildPhase;
			buildActionMask = 2147483647;
			files = (
			);
			runOnlyForDeploymentPostprocessing = 0;
		};
/* End PBXFrameworksBuildPhase section */

/* Begin PBXGroup section */
		383590202783449600F35123 = {
			isa = PBXGroup;
			children = (
				3835902B2783449600F35123 /* Pocket Tracker */,
				383590412783449700F35123 /* Pocket TrackerTests */,
				3835904B2783449700F35123 /* Pocket TrackerUITests */,
				3835902A2783449600F35123 /* Products */,
			);
			sourceTree = "<group>";
		};
		3835902A2783449600F35123 /* Products */ = {
			isa = PBXGroup;
			children = (
				383590292783449600F35123 /* Pocket Tracker.app */,
				3835903E2783449700F35123 /* Pocket TrackerTests.xctest */,
				383590482783449700F35123 /* Pocket TrackerUITests.xctest */,
			);
			name = Products;
			sourceTree = "<group>";
		};
		3835902B2783449600F35123 /* Pocket Tracker */ = {
			isa = PBXGroup;
			children = (
				3835902C2783449600F35123 /* PocketTrackerApp.swift */,
				3835905D2784A40A00F35123 /* RecordList.swift */,
				38D65DC22787410900F4700C /* MainMenu.swift */,
				38F340302785FB8600BEA2A3 /* Persistence.swift */,
				3835905F2784D00000F35123 /* RecordRow.swift */,
				3835905B2783A6DD00F35123 /* AddRecord.swift */,
				383590302783449700F35123 /* Assets.xcassets */,
				383590372783449700F35123 /* Pocket_Tracker.xcdatamodeld */,
				383590322783449700F35123 /* Preview Content */,
			);
			path = "Pocket Tracker";
			sourceTree = "<group>";
		};
		383590322783449700F35123 /* Preview Content */ = {
			isa = PBXGroup;
			children = (
				383590332783449700F35123 /* Preview Assets.xcassets */,
			);
			path = "Preview Content";
			sourceTree = "<group>";
		};
		383590412783449700F35123 /* Pocket TrackerTests */ = {
			isa = PBXGroup;
			children = (
				383590422783449700F35123 /* Pocket_TrackerTests.swift */,
			);
			path = "Pocket TrackerTests";
			sourceTree = "<group>";
		};
		3835904B2783449700F35123 /* Pocket TrackerUITests */ = {
			isa = PBXGroup;
			children = (
				3835904C2783449700F35123 /* Pocket_TrackerUITests.swift */,
				3835904E2783449700F35123 /* Pocket_TrackerUITestsLaunchTests.swift */,
			);
			path = "Pocket TrackerUITests";
			sourceTree = "<group>";
		};
/* End PBXGroup section */

/* Begin PBXNativeTarget section */
		383590282783449600F35123 /* Pocket Tracker */ = {
			isa = PBXNativeTarget;
			buildConfigurationList = 383590522783449700F35123 /* Build configuration list for PBXNativeTarget "Pocket Tracker" */;
			buildPhases = (
				383590252783449600F35123 /* Sources */,
				383590262783449600F35123 /* Frameworks */,
				383590272783449600F35123 /* Resources */,
			);
			buildRules = (
			);
			dependencies = (
			);
			name = "Pocket Tracker";
			productName = "Pocket Tracker";
			productReference = 383590292783449600F35123 /* Pocket Tracker.app */;
			productType = "com.apple.product-type.application";
		};
		3835903D2783449700F35123 /* Pocket TrackerTests */ = {
			isa = PBXNativeTarget;
			buildConfigurationList = 383590552783449700F35123 /* Build configuration list for PBXNativeTarget "Pocket TrackerTests" */;
			buildPhases = (
				3835903A2783449700F35123 /* Sources */,
				3835903B2783449700F35123 /* Frameworks */,
				3835903C2783449700F35123 /* Resources */,
			);
			buildRules = (
			);
			dependencies = (
				383590402783449700F35123 /* PBXTargetDependency */,
			);
			name = "Pocket TrackerTests";
			productName = "Pocket TrackerTests";
			productReference = 3835903E2783449700F35123 /* Pocket TrackerTests.xctest */;
			productType = "com.apple.product-type.bundle.unit-test";
		};
		383590472783449700F35123 /* Pocket TrackerUITests */ = {
			isa = PBXNativeTarget;
			buildConfigurationList = 383590582783449700F35123 /* Build configuration list for PBXNativeTarget "Pocket TrackerUITests" */;
			buildPhases = (
				383590442783449700F35123 /* Sources */,
				383590452783449700F35123 /* Frameworks */,
				383590462783449700F35123 /* Resources */,
			);
			buildRules = (
			);
			dependencies = (
				3835904A2783449700F35123 /* PBXTargetDependency */,
			);
			name = "Pocket TrackerUITests";
			productName = "Pocket TrackerUITests";
			productReference = 383590482783449700F35123 /* Pocket TrackerUITests.xctest */;
			productType = "com.apple.product-type.bundle.ui-testing";
		};
/* End PBXNativeTarget section */

/* Begin PBXProject section */
		383590212783449600F35123 /* Project object */ = {
			isa = PBXProject;
			attributes = {
				BuildIndependentTargetsInParallel = 1;
				LastSwiftUpdateCheck = 1320;
				LastUpgradeCheck = 1320;
				TargetAttributes = {
					383590282783449600F35123 = {
						CreatedOnToolsVersion = 13.2.1;
					};
					3835903D2783449700F35123 = {
						CreatedOnToolsVersion = 13.2.1;
						TestTargetID = 383590282783449600F35123;
					};
					383590472783449700F35123 = {
						CreatedOnToolsVersion = 13.2.1;
						TestTargetID = 383590282783449600F35123;
					};
				};
			};
			buildConfigurationList = 383590242783449600F35123 /* Build configuration list for PBXProject "Pocket Tracker" */;
			compatibilityVersion = "Xcode 13.0";
			developmentRegion = en;
			hasScannedForEncodings = 0;
			knownRegions = (
				en,
				Base,
			);
			mainGroup = 383590202783449600F35123;
			productRefGroup = 3835902A2783449600F35123 /* Products */;
			projectDirPath = "";
			projectRoot = "";
			targets = (
				383590282783449600F35123 /* Pocket Tracker */,
				3835903D2783449700F35123 /* Pocket TrackerTests */,
				383590472783449700F35123 /* Pocket TrackerUITests */,
			);
		};
/* End PBXProject section */

/* Begin PBXResourcesBuildPhase section */
		383590272783449600F35123 /* Resources */ = {
			isa = PBXResourcesBuildPhase;
			buildActionMask = 2147483647;
			files = (
				383590342783449700F35123 /* Preview Assets.xcassets in Resources */,
				383590312783449700F35123 /* Assets.xcassets in Resources */,
			);
			runOnlyForDeploymentPostprocessing = 0;
		};
		3835903C2783449700F35123 /* Resources */ = {
			isa = PBXResourcesBuildPhase;
			buildActionMask = 2147483647;
			files = (
			);
			runOnlyForDeploymentPostprocessing = 0;
		};
		383590462783449700F35123 /* Resources */ = {
			isa = PBXResourcesBuildPhase;
			buildActionMask = 2147483647;
			files = (
			);
			runOnlyForDeploymentPostprocessing = 0;
		};
/* End PBXResourcesBuildPhase section */

/* Begin PBXSourcesBuildPhase section */
		383590252783449600F35123 /* Sources */ = {
			isa = PBXSourcesBuildPhase;
			buildActionMask = 2147483647;
			files = (
				383590602784D00000F35123 /* RecordRow.swift in Sources */,
				383590392783449700F35123 /* Pocket_Tracker.xcdatamodeld in Sources */,
				38D65DC32787410900F4700C /* MainMenu.swift in Sources */,
				3835905E2784A40A00F35123 /* RecordList.swift in Sources */,
				38F340312785FB8600BEA2A3 /* Persistence.swift in Sources */,
				3835905C2783A6DD00F35123 /* AddRecord.swift in Sources */,
				3835902D2783449600F35123 /* PocketTrackerApp.swift in Sources */,
			);
			runOnlyForDeploymentPostprocessing = 0;
		};
		3835903A2783449700F35123 /* Sources */ = {
			isa = PBXSourcesBuildPhase;
			buildActionMask = 2147483647;
			files = (
				383590432783449700F35123 /* Pocket_TrackerTests.swift in Sources */,
			);
			runOnlyForDeploymentPostprocessing = 0;
		};
		383590442783449700F35123 /* Sources */ = {
			isa = PBXSourcesBuildPhase;
			buildActionMask = 2147483647;
			files = (
				3835904D2783449700F35123 /* Pocket_TrackerUITests.swift in Sources */,
				3835904F2783449700F35123 /* Pocket_TrackerUITestsLaunchTests.swift in Sources */,
			);
			runOnlyForDeploymentPostprocessing = 0;
		};
/* End PBXSourcesBuildPhase section */

/* Begin PBXTargetDependency section */
		383590402783449700F35123 /* PBXTargetDependency */ = {
			isa = PBXTargetDependency;
			target = 383590282783449600F35123 /* Pocket Tracker */;
			targetProxy = 3835903F2783449700F35123 /* PBXContainerItemProxy */;
		};
		3835904A2783449700F35123 /* PBXTargetDependency */ = {
			isa = PBXTargetDependency;
			target = 383590282783449600F35123 /* Pocket Tracker */;
			targetProxy = 383590492783449700F35123 /* PBXContainerItemProxy */;
		};
/* End PBXTargetDependency section */

/* Begin XCBuildConfiguration section */
		383590502783449700F35123 /* Debug */ = {
			isa = XCBuildConfiguration;
			buildSettings = {
				ALWAYS_SEARCH_USER_PATHS = NO;
				CLANG_ANALYZER_NONNULL = YES;
				CLANG_ANALYZER_NUMBER_OBJECT_CONVERSION = YES_AGGRESSIVE;
				CLANG_CXX_LANGUAGE_STANDARD = "gnu++17";
				CLANG_CXX_LIBRARY = "libc++";
				CLANG_ENABLE_MODULES = YES;
				CLANG_ENABLE_OBJC_ARC = YES;
				CLANG_ENABLE_OBJC_WEAK = YES;
				CLANG_WARN_BLOCK_CAPTURE_AUTORELEASING = YES;
				CLANG_WARN_BOOL_CONVERSION = YES;
				CLANG_WARN_COMMA = YES;
				CLANG_WARN_CONSTANT_CONVERSION = YES;
				CLANG_WARN_DEPRECATED_OBJC_IMPLEMENTATIONS = YES;
				CLANG_WARN_DIRECT_OBJC_ISA_USAGE = YES_ERROR;
				CLANG_WARN_DOCUMENTATION_COMMENTS = YES;
				CLANG_WARN_EMPTY_BODY = YES;
				CLANG_WARN_ENUM_CONVERSION = YES;
				CLANG_WARN_INFINITE_RECURSION = YES;
				CLANG_WARN_INT_CONVERSION = YES;
				CLANG_WARN_NON_LITERAL_NULL_CONVERSION = YES;
				CLANG_WARN_OBJC_IMPLICIT_RETAIN_SELF = YES;
				CLANG_WARN_OBJC_LITERAL_CONVERSION = YES;
				CLANG_WARN_OBJC_ROOT_CLASS = YES_ERROR;
				CLANG_WARN_QUOTED_INCLUDE_IN_FRAMEWORK_HEADER = YES;
				CLANG_WARN_RANGE_LOOP_ANALYSIS = YES;
				CLANG_WARN_STRICT_PROTOTYPES = YES;
				CLANG_WARN_SUSPICIOUS_MOVE = YES;
				CLANG_WARN_UNGUARDED_AVAILABILITY = YES_AGGRESSIVE;
				CLANG_WARN_UNREACHABLE_CODE = YES;
				CLANG_WARN__DUPLICATE_METHOD_MATCH = YES;
				COPY_PHASE_STRIP = NO;
				DEBUG_INFORMATION_FORMAT = dwarf;
				ENABLE_STRICT_OBJC_MSGSEND = YES;
				ENABLE_TESTABILITY = YES;
				GCC_C_LANGUAGE_STANDARD = gnu11;
				GCC_DYNAMIC_NO_PIC = NO;
				GCC_NO_COMMON_BLOCKS = YES;
				GCC_OPTIMIZATION_LEVEL = 0;
				GCC_PREPROCESSOR_DEFINITIONS = (
					"DEBUG=1",
					"$(inherited)",
				);
				GCC_WARN_64_TO_32_BIT_CONVERSION = YES;
				GCC_WARN_ABOUT_RETURN_TYPE = YES_ERROR;
				GCC_WARN_UNDECLARED_SELECTOR = YES;
				GCC_WARN_UNINITIALIZED_AUTOS = YES_AGGRESSIVE;
				GCC_WARN_UNUSED_FUNCTION = YES;
				GCC_WARN_UNUSED_VARIABLE = YES;
				IPHONEOS_DEPLOYMENT_TARGET = 15.2;
				MTL_ENABLE_DEBUG_INFO = INCLUDE_SOURCE;
				MTL_FAST_MATH = YES;
				ONLY_ACTIVE_ARCH = YES;
				SDKROOT = iphoneos;
				SWIFT_ACTIVE_COMPILATION_CONDITIONS = DEBUG;
				SWIFT_OPTIMIZATION_LEVEL = "-Onone";
			};
			name = Debug;
		};
		383590512783449700F35123 /* Release */ = {
			isa = XCBuildConfiguration;
			buildSettings = {
				ALWAYS_SEARCH_USER_PATHS = NO;
				CLANG_ANALYZER_NONNULL = YES;
				CLANG_ANALYZER_NUMBER_OBJECT_CONVERSION = YES_AGGRESSIVE;
				CLANG_CXX_LANGUAGE_STANDARD = "gnu++17";
				CLANG_CXX_LIBRARY = "libc++";
				CLANG_ENABLE_MODULES = YES;
				CLANG_ENABLE_OBJC_ARC = YES;
				CLANG_ENABLE_OBJC_WEAK = YES;
				CLANG_WARN_BLOCK_CAPTURE_AUTORELEASING = YES;
				CLANG_WARN_BOOL_CONVERSION = YES;
				CLANG_WARN_COMMA = YES;
				CLANG_WARN_CONSTANT_CONVERSION = YES;
				CLANG_WARN_DEPRECATED_OBJC_IMPLEMENTATIONS = YES;
				CLANG_WARN_DIRECT_OBJC_ISA_USAGE = YES_ERROR;
				CLANG_WARN_DOCUMENTATION_COMMENTS = YES;
				CLANG_WARN_EMPTY_BODY = YES;
				CLANG_WARN_ENUM_CONVERSION = YES;
				CLANG_WARN_INFINITE_RECURSION = YES;
				CLANG_WARN_INT_CONVERSION = YES;
				CLANG_WARN_NON_LITERAL_NULL_CONVERSION = YES;
				CLANG_WARN_OBJC_IMPLICIT_RETAIN_SELF = YES;
				CLANG_WARN_OBJC_LITERAL_CONVERSION = YES;
				CLANG_WARN_OBJC_ROOT_CLASS = YES_ERROR;
				CLANG_WARN_QUOTED_INCLUDE_IN_FRAMEWORK_HEADER = YES;
				CLANG_WARN_RANGE_LOOP_ANALYSIS = YES;
				CLANG_WARN_STRICT_PROTOTYPES = YES;
				CLANG_WARN_SUSPICIOUS_MOVE = YES;
				CLANG_WARN_UNGUARDED_AVAILABILITY = YES_AGGRESSIVE;
				CLANG_WARN_UNREACHABLE_CODE = YES;
				CLANG_WARN__DUPLICATE_METHOD_MATCH = YES;
				COPY_PHASE_STRIP = NO;
				DEBUG_INFORMATION_FORMAT = "dwarf-with-dsym";
				ENABLE_NS_ASSERTIONS = NO;
				ENABLE_STRICT_OBJC_MSGSEND = YES;
				GCC_C_LANGUAGE_STANDARD = gnu11;
				GCC_NO_COMMON_BLOCKS = YES;
				GCC_WARN_64_TO_32_BIT_CONVERSION = YES;
				GCC_WARN_ABOUT_RETURN_TYPE = YES_ERROR;
				GCC_WARN_UNDECLARED_SELECTOR = YES;
				GCC_WARN_UNINITIALIZED_AUTOS = YES_AGGRESSIVE;
				GCC_WARN_UNUSED_FUNCTION = YES;
				GCC_WARN_UNUSED_VARIABLE = YES;
				IPHONEOS_DEPLOYMENT_TARGET = 15.2;
				MTL_ENABLE_DEBUG_INFO = NO;
				MTL_FAST_MATH = YES;
				SDKROOT = iphoneos;
				SWIFT_COMPILATION_MODE = wholemodule;
				SWIFT_OPTIMIZATION_LEVEL = "-O";
				VALIDATE_PRODUCT = YES;
			};
			name = Release;
		};
		383590532783449700F35123 /* Debug */ = {
			isa = XCBuildConfiguration;
			buildSettings = {
				ASSETCATALOG_COMPILER_APPICON_NAME = AppIcon;
				ASSETCATALOG_COMPILER_GLOBAL_ACCENT_COLOR_NAME = AccentColor;
				CODE_SIGN_STYLE = Automatic;
				CURRENT_PROJECT_VERSION = 1;
				DEVELOPMENT_ASSET_PATHS = "\"Pocket Tracker/Preview Content\"";
				ENABLE_PREVIEWS = YES;
				GENERATE_INFOPLIST_FILE = YES;
				INFOPLIST_KEY_UIApplicationSceneManifest_Generation = YES;
				INFOPLIST_KEY_UIApplicationSupportsIndirectInputEvents = YES;
				INFOPLIST_KEY_UILaunchScreen_Generation = YES;
				INFOPLIST_KEY_UISupportedInterfaceOrientations_iPad = "UIInterfaceOrientationPortrait UIInterfaceOrientationPortraitUpsideDown UIInterfaceOrientationLandscapeLeft UIInterfaceOrientationLandscapeRight";
				INFOPLIST_KEY_UISupportedInterfaceOrientations_iPhone = "UIInterfaceOrientationPortrait UIInterfaceOrientationLandscapeLeft UIInterfaceOrientationLandscapeRight";
				LD_RUNPATH_SEARCH_PATHS = (
					"$(inherited)",
					"@executable_path/Frameworks",
				);
				MARKETING_VERSION = 1.0;
				PRODUCT_BUNDLE_IDENTIFIER = "albertan.Pocket-Tracker";
				PRODUCT_NAME = "$(TARGET_NAME)";
				SWIFT_EMIT_LOC_STRINGS = YES;
				SWIFT_VERSION = 5.0;
				TARGETED_DEVICE_FAMILY = "1,2";
			};
			name = Debug;
		};
		383590542783449700F35123 /* Release */ = {
			isa = XCBuildConfiguration;
			buildSettings = {
				ASSETCATALOG_COMPILER_APPICON_NAME = AppIcon;
				ASSETCATALOG_COMPILER_GLOBAL_ACCENT_COLOR_NAME = AccentColor;
				CODE_SIGN_STYLE = Automatic;
				CURRENT_PROJECT_VERSION = 1;
				DEVELOPMENT_ASSET_PATHS = "\"Pocket Tracker/Preview Content\"";
				ENABLE_PREVIEWS = YES;
				GENERATE_INFOPLIST_FILE = YES;
				INFOPLIST_KEY_UIApplicationSceneManifest_Generation = YES;
				INFOPLIST_KEY_UIApplicationSupportsIndirectInputEvents = YES;
				INFOPLIST_KEY_UILaunchScreen_Generation = YES;
				INFOPLIST_KEY_UISupportedInterfaceOrientations_iPad = "UIInterfaceOrientationPortrait UIInterfaceOrientationPortraitUpsideDown UIInterfaceOrientationLandscapeLeft UIInterfaceOrientationLandscapeRight";
				INFOPLIST_KEY_UISupportedInterfaceOrientations_iPhone = "UIInterfaceOrientationPortrait UIInterfaceOrientationLandscapeLeft UIInterfaceOrientationLandscapeRight";
				LD_RUNPATH_SEARCH_PATHS = (
					"$(inherited)",
					"@executable_path/Frameworks",
				);
				MARKETING_VERSION = 1.0;
				PRODUCT_BUNDLE_IDENTIFIER = "albertan.Pocket-Tracker";
				PRODUCT_NAME = "$(TARGET_NAME)";
				SWIFT_EMIT_LOC_STRINGS = YES;
				SWIFT_VERSION = 5.0;
				TARGETED_DEVICE_FAMILY = "1,2";
			};
			name = Release;
		};
		383590562783449700F35123 /* Debug */ = {
			isa = XCBuildConfiguration;
			buildSettings = {
				ALWAYS_EMBED_SWIFT_STANDARD_LIBRARIES = YES;
				BUNDLE_LOADER = "$(TEST_HOST)";
				CODE_SIGN_STYLE = Automatic;
				CURRENT_PROJECT_VERSION = 1;
				GENERATE_INFOPLIST_FILE = YES;
				IPHONEOS_DEPLOYMENT_TARGET = 15.2;
				MARKETING_VERSION = 1.0;
				PRODUCT_BUNDLE_IDENTIFIER = "albertan.Pocket-TrackerTests";
				PRODUCT_NAME = "$(TARGET_NAME)";
				SWIFT_EMIT_LOC_STRINGS = NO;
				SWIFT_VERSION = 5.0;
				TARGETED_DEVICE_FAMILY = "1,2";
				TEST_HOST = "$(BUILT_PRODUCTS_DIR)/Pocket Tracker.app/Pocket Tracker";
			};
			name = Debug;
		};
		383590572783449700F35123 /* Release */ = {
			isa = XCBuildConfiguration;
			buildSettings = {
				ALWAYS_EMBED_SWIFT_STANDARD_LIBRARIES = YES;
				BUNDLE_LOADER = "$(TEST_HOST)";
				CODE_SIGN_STYLE = Automatic;
				CURRENT_PROJECT_VERSION = 1;
				GENERATE_INFOPLIST_FILE = YES;
				IPHONEOS_DEPLOYMENT_TARGET = 15.2;
				MARKETING_VERSION = 1.0;
				PRODUCT_BUNDLE_IDENTIFIER = "albertan.Pocket-TrackerTests";
				PRODUCT_NAME = "$(TARGET_NAME)";
				SWIFT_EMIT_LOC_STRINGS = NO;
				SWIFT_VERSION = 5.0;
				TARGETED_DEVICE_FAMILY = "1,2";
				TEST_HOST = "$(BUILT_PRODUCTS_DIR)/Pocket Tracker.app/Pocket Tracker";
			};
			name = Release;
		};
		383590592783449700F35123 /* Debug */ = {
			isa = XCBuildConfiguration;
			buildSettings = {
				ALWAYS_EMBED_SWIFT_STANDARD_LIBRARIES = YES;
				CODE_SIGN_STYLE = Automatic;
				CURRENT_PROJECT_VERSION = 1;
				GENERATE_INFOPLIST_FILE = YES;
				MARKETING_VERSION = 1.0;
				PRODUCT_BUNDLE_IDENTIFIER = "albertan.Pocket-TrackerUITests";
				PRODUCT_NAME = "$(TARGET_NAME)";
				SWIFT_EMIT_LOC_STRINGS = NO;
				SWIFT_VERSION = 5.0;
				TARGETED_DEVICE_FAMILY = "1,2";
				TEST_TARGET_NAME = "Pocket Tracker";
			};
			name = Debug;
		};
		3835905A2783449700F35123 /* Release */ = {
			isa = XCBuildConfiguration;
			buildSettings = {
				ALWAYS_EMBED_SWIFT_STANDARD_LIBRARIES = YES;
				CODE_SIGN_STYLE = Automatic;
				CURRENT_PROJECT_VERSION = 1;
				GENERATE_INFOPLIST_FILE = YES;
				MARKETING_VERSION = 1.0;
				PRODUCT_BUNDLE_IDENTIFIER = "albertan.Pocket-TrackerUITests";
				PRODUCT_NAME = "$(TARGET_NAME)";
				SWIFT_EMIT_LOC_STRINGS = NO;
				SWIFT_VERSION = 5.0;
				TARGETED_DEVICE_FAMILY = "1,2";
				TEST_TARGET_NAME = "Pocket Tracker";
			};
			name = Release;
		};
/* End XCBuildConfiguration section */

/* Begin XCConfigurationList section */
		383590242783449600F35123 /* Build configuration list for PBXProject "Pocket Tracker" */ = {
			isa = XCConfigurationList;
			buildConfigurations = (
				383590502783449700F35123 /* Debug */,
				383590512783449700F35123 /* Release */,
			);
			defaultConfigurationIsVisible = 0;
			defaultConfigurationName = Release;
		};
		383590522783449700F35123 /* Build configuration list for PBXNativeTarget "Pocket Tracker" */ = {
			isa = XCConfigurationList;
			buildConfigurations = (
				383590532783449700F35123 /* Debug */,
				383590542783449700F35123 /* Release */,
			);
			defaultConfigurationIsVisible = 0;
			defaultConfigurationName = Release;
		};
		383590552783449700F35123 /* Build configuration list for PBXNativeTarget "Pocket TrackerTests" */ = {
			isa = XCConfigurationList;
			buildConfigurations = (
				383590562783449700F35123 /* Debug */,
				383590572783449700F35123 /* Release */,
			);
			defaultConfigurationIsVisible = 0;
			defaultConfigurationName = Release;
		};
		383590582783449700F35123 /* Build configuration list for PBXNativeTarget "Pocket TrackerUITests" */ = {
			isa = XCConfigurationList;
			buildConfigurations = (
				383590592783449700F35123 /* Debug */,
				3835905A2783449700F35123 /* Release */,
			);
			defaultConfigurationIsVisible = 0;
			defaultConfigurationName = Release;
		};
/* End XCConfigurationList section */

/* Begin XCVersionGroup section */
		383590372783449700F35123 /* Pocket_Tracker.xcdatamodeld */ = {
			isa = XCVersionGroup;
			children = (
				383590382783449700F35123 /* Pocket_Tracker.xcdatamodel */,
			);
			currentVersion = 383590382783449700F35123 /* Pocket_Tracker.xcdatamodel */;
			path = Pocket_Tracker.xcdatamodeld;
			sourceTree = "<group>";
			versionGroupType = wrapper.xcdatamodel;
		};
/* End XCVersionGroup section */
	};
	rootObject = 383590212783449600F35123 /* Project object */;
}
